{
  "nodes": {
    "nixpkgs": {
      "locked": {
        "lastModified": 1761880412,
        "narHash": "sha256-QoJjGd4NstnyOG4mm4KXF+weBzA2AH/7gn1Pmpfcb0A=",
        "owner": "NixOS",
        "repo": "nixpkgs",
        "rev": "a7fc11be66bdfb5cdde611ee5ce381c183da8386",
        "type": "github"
      },
      "original": {
        "id": "nixpkgs",
        "type": "indirect"
      }
    },
    "nixpkgs-overlay": {
      "inputs": {
        "nixpkgs": [
          "nixpkgs"
        ]
      },
      "locked": {
        "lastModified": 1761784908,
        "narHash": "sha256-PuqZxN6LUni7w4Xd2isouRjiywNSa61I7+bH0ZNwp7c=",
        "owner": "nlintn",
        "repo": "nixpkgs-overlay",
        "rev": "2c8a6fd311b372c2b8449050f9e255fc8fab72f7",
        "type": "github"
      },
      "original": {
        "owner": "nlintn",
        "repo": "nixpkgs-overlay",
        "type": "github"
      }
    },
    "root": {
      "inputs": {
        "nixpkgs": "nixpkgs",
        "nixpkgs-overlay": "nixpkgs-overlay"
      }
    }
  },
  "root": "root",
  "version": 7
}
