{
  "nodes": {
    "nixpkgs": {
      "locked": {
        "lastModified": 1764642553,
        "narHash": "sha256-mvbFFzVBhVK1FjyPHZGMAKpNiqkr7k++xIwy+p/NQvA=",
        "owner": "NixOS",
        "repo": "nixpkgs",
        "rev": "f720de59066162ee879adcc8c79e15c51fe6bfb4",
        "type": "github"
      },
      "original": {
        "id": "nixpkgs",
        "type": "indirect"
      }
    },
    "nixpkgs-overlay": {
      "inputs": {
        "nixpkgs": [
          "nixpkgs"
        ]
      },
      "locked": {
        "lastModified": 1764699066,
        "narHash": "sha256-FBlp/OzSNZy6IYfwfyYj4v8T9JOuD9t6icxk8vLaF7U=",
        "owner": "nlintn",
        "repo": "nixpkgs-overlay",
        "rev": "244c95e4d61f2f6df6c0fb0077dde35d67adb516",
        "type": "github"
      },
      "original": {
        "owner": "nlintn",
        "repo": "nixpkgs-overlay",
        "type": "github"
      }
    },
    "root": {
      "inputs": {
        "nixpkgs": "nixpkgs",
        "nixpkgs-overlay": "nixpkgs-overlay"
      }
    }
  },
  "root": "root",
  "version": 7
}
