{
  "nodes": {
    "nixpkgs": {
      "locked": {
        "lastModified": 1758763312,
        "narHash": "sha256-puBMviZhYlqOdUUgEmMVJpXqC/ToEqSvkyZ30qQ09xM=",
        "owner": "NixOS",
        "repo": "nixpkgs",
        "rev": "e57b3b16ad8758fd681511a078f35c416a8cc939",
        "type": "github"
      },
      "original": {
        "id": "nixpkgs",
        "type": "indirect"
      }
    },
    "nixpkgs-overlay": {
      "inputs": {
        "nixpkgs": [
          "nixpkgs"
        ]
      },
      "locked": {
        "lastModified": 1758818128,
        "narHash": "sha256-pCIQkfjt5qQ3gunqOrHqGsp6tUMKSmvqdjfcQZiKp0Y=",
        "owner": "nlintn",
        "repo": "nixpkgs-overlay",
        "rev": "44f66809528696c2f797acb52a7373bec06869bb",
        "type": "github"
      },
      "original": {
        "owner": "nlintn",
        "repo": "nixpkgs-overlay",
        "type": "github"
      }
    },
    "root": {
      "inputs": {
        "nixpkgs": "nixpkgs",
        "nixpkgs-overlay": "nixpkgs-overlay"
      }
    }
  },
  "root": "root",
  "version": 7
}
